
Microsoft Visual Studio Solution File, Format Version 12.00
# Visual Studio Version 17
VisualStudioVersion = 17.10.34928.147
MinimumVisualStudioVersion = 10.0.40219.1
Project("{FAE04EC0-301F-11D3-BF4B-00C04F79EFBC}") = "Task1", "Task1\Task1.csproj", "{6E266D49-CD77-474B-9BAA-DE52994F2797}"
EndProject
Project("{9A19103F-16F7-4668-BE54-9A1E7A4F7556}") = "TabletsLibrary", "..\..\Lab1\TabletsLibrary\TabletsLibrary.csproj", "{6015EA01-FF4B-410B-B90F-022AB33BDE35}"
EndProject
Global
	GlobalSection(SolutionConfigurationPlatforms) = preSolution
		Debug|Any CPU = Debug|Any CPU
		Release|Any CPU = Release|Any CPU
	EndGlobalSection
	GlobalSection(ProjectConfigurationPlatforms) = postSolution
		{6E266D49-CD77-474B-9BAA-DE52994F2797}.Debug|Any CPU.ActiveCfg = Debug|Any CPU
		{6E266D49-CD77-474B-9BAA-DE52994F2797}.Debug|Any CPU.Build.0 = Debug|Any CPU
		{6E266D49-CD77-474B-9BAA-DE52994F2797}.Release|Any CPU.ActiveCfg = Release|Any CPU
		{6E266D49-CD77-474B-9BAA-DE52994F2797}.Release|Any CPU.Build.0 = Release|Any CPU
		{6015EA01-FF4B-410B-B90F-022AB33BDE35}.Debug|Any CPU.ActiveCfg = Debug|Any CPU
		{6015EA01-FF4B-410B-B90F-022AB33BDE35}.Debug|Any CPU.Build.0 = Debug|Any CPU
		{6015EA01-FF4B-410B-B90F-022AB33BDE35}.Release|Any CPU.ActiveCfg = Release|Any CPU
		{6015EA01-FF4B-410B-B90F-022AB33BDE35}.Release|Any CPU.Build.0 = Release|Any CPU
	EndGlobalSection
	GlobalSection(SolutionProperties) = preSolution
		HideSolutionNode = FALSE
	EndGlobalSection
	GlobalSection(ExtensibilityGlobals) = postSolution
		SolutionGuid = {CE168AA8-3BFF-4549-A5B5-B4B28C4FF915}
	EndGlobalSection
EndGlobal
